// !$*UTF8*$!
{
	archiveVersion = 1;
	classes = {
	};
	objectVersion = 56;
	objects = {

/* Begin PBXBuildFile section */
		3D4624BB2BC0B5080047F0F4 /* SettingsView.swift in Sources */ = {isa = PBXBuildFile; fileRef = 3D4624BA2BC0B5080047F0F4 /* SettingsView.swift */; };
		3D4624BF2BC0B8610047F0F4 /* Localizable.strings in Resources */ = {isa = PBXBuildFile; fileRef = 3D4624BD2BC0B8610047F0F4 /* Localizable.strings */; };
		3D4624C32BC0BA970047F0F4 /* Buddy.swift in Sources */ = {isa = PBXBuildFile; fileRef = 3D4624C22BC0BA970047F0F4 /* Buddy.swift */; };
		3D624F872BC68E8B003628D0 /* MacControlCenterUI in Frameworks */ = {isa = PBXBuildFile; productRef = 3D624F862BC68E8B003628D0 /* MacControlCenterUI */; };
		3D624F8A2BC69115003628D0 /* SettingsAccess in Frameworks */ = {isa = PBXBuildFile; productRef = 3D624F892BC69115003628D0 /* SettingsAccess */; };
		3DAC90202BC00B4A0078AD69 /* WiredBuddyApp.swift in Sources */ = {isa = PBXBuildFile; fileRef = 3DAC901F2BC00B4A0078AD69 /* WiredBuddyApp.swift */; };
		3DAC90222BC00B4A0078AD69 /* ContentView.swift in Sources */ = {isa = PBXBuildFile; fileRef = 3DAC90212BC00B4A0078AD69 /* ContentView.swift */; };
		3DAC90242BC00B4A0078AD69 /* Assets.xcassets in Resources */ = {isa = PBXBuildFile; fileRef = 3DAC90232BC00B4A0078AD69 /* Assets.xcassets */; };
		3DAC90272BC00B4A0078AD69 /* Preview Assets.xcassets in Resources */ = {isa = PBXBuildFile; fileRef = 3DAC90262BC00B4A0078AD69 /* Preview Assets.xcassets */; };
		3DE79B3F2BC49D420076C55A /* GeneralView.swift in Sources */ = {isa = PBXBuildFile; fileRef = 3DE79B3E2BC49D420076C55A /* GeneralView.swift */; };
		3DF06D632BC5D79100550FF5 /* NetMon.swift in Sources */ = {isa = PBXBuildFile; fileRef = 3DF06D622BC5D79100550FF5 /* NetMon.swift */; };
/* End PBXBuildFile section */

/* Begin PBXFileReference section */
		3D4624BA2BC0B5080047F0F4 /* SettingsView.swift */ = {isa = PBXFileReference; lastKnownFileType = sourcecode.swift; path = SettingsView.swift; sourceTree = "<group>"; };
		3D4624BE2BC0B8610047F0F4 /* en */ = {isa = PBXFileReference; lastKnownFileType = text.plist.strings; name = en; path = en.lproj/Localizable.strings; sourceTree = "<group>"; };
		3D4624C02BC0B8710047F0F4 /* de */ = {isa = PBXFileReference; lastKnownFileType = text.plist.strings; name = de; path = de.lproj/Localizable.strings; sourceTree = "<group>"; };
		3D4624C22BC0BA970047F0F4 /* Buddy.swift */ = {isa = PBXFileReference; lastKnownFileType = sourcecode.swift; path = Buddy.swift; sourceTree = "<group>"; };
		3DAC901C2BC00B4A0078AD69 /* Wired Buddy.app */ = {isa = PBXFileReference; explicitFileType = wrapper.application; includeInIndex = 0; path = "Wired Buddy.app"; sourceTree = BUILT_PRODUCTS_DIR; };
		3DAC901F2BC00B4A0078AD69 /* WiredBuddyApp.swift */ = {isa = PBXFileReference; lastKnownFileType = sourcecode.swift; path = WiredBuddyApp.swift; sourceTree = "<group>"; };
		3DAC90212BC00B4A0078AD69 /* ContentView.swift */ = {isa = PBXFileReference; lastKnownFileType = sourcecode.swift; path = ContentView.swift; sourceTree = "<group>"; };
		3DAC90232BC00B4A0078AD69 /* Assets.xcassets */ = {isa = PBXFileReference; lastKnownFileType = folder.assetcatalog; path = Assets.xcassets; sourceTree = "<group>"; };
		3DAC90262BC00B4A0078AD69 /* Preview Assets.xcassets */ = {isa = PBXFileReference; lastKnownFileType = folder.assetcatalog; path = "Preview Assets.xcassets"; sourceTree = "<group>"; };
		3DAC90282BC00B4A0078AD69 /* Wired_Buddy.entitlements */ = {isa = PBXFileReference; lastKnownFileType = text.plist.entitlements; path = Wired_Buddy.entitlements; sourceTree = "<group>"; };
		3DE79B3E2BC49D420076C55A /* GeneralView.swift */ = {isa = PBXFileReference; lastKnownFileType = sourcecode.swift; path = GeneralView.swift; sourceTree = "<group>"; };
		3DF06D622BC5D79100550FF5 /* NetMon.swift */ = {isa = PBXFileReference; lastKnownFileType = sourcecode.swift; path = NetMon.swift; sourceTree = "<group>"; };
/* End PBXFileReference section */

/* Begin PBXFrameworksBuildPhase section */
		3DAC90192BC00B4A0078AD69 /* Frameworks */ = {
			isa = PBXFrameworksBuildPhase;
			buildActionMask = 2147483647;
			files = (
				3D624F872BC68E8B003628D0 /* MacControlCenterUI in Frameworks */,
				3D624F8A2BC69115003628D0 /* SettingsAccess in Frameworks */,
			);
			runOnlyForDeploymentPostprocessing = 0;
		};
/* End PBXFrameworksBuildPhase section */

/* Begin PBXGroup section */
		3D4624B92BC0B4FA0047F0F4 /* Views */ = {
			isa = PBXGroup;
			children = (
				3D4624C62BC0BDD30047F0F4 /* Settings */,
				3DAC90212BC00B4A0078AD69 /* ContentView.swift */,
			);
			path = Views;
			sourceTree = "<group>";
		};
		3D4624BC2BC0B8530047F0F4 /* Locales */ = {
			isa = PBXGroup;
			children = (
				3D4624BD2BC0B8610047F0F4 /* Localizable.strings */,
			);
			path = Locales;
			sourceTree = "<group>";
		};
		3D4624C12BC0BA8D0047F0F4 /* Buddies */ = {
			isa = PBXGroup;
			children = (
				3D4624C22BC0BA970047F0F4 /* Buddy.swift */,
			);
			path = Buddies;
			sourceTree = "<group>";
		};
		3D4624C62BC0BDD30047F0F4 /* Settings */ = {
			isa = PBXGroup;
			children = (
				3DE79B3E2BC49D420076C55A /* GeneralView.swift */,
				3D4624BA2BC0B5080047F0F4 /* SettingsView.swift */,
			);
			path = Settings;
			sourceTree = "<group>";
		};
		3DAC90132BC00B4A0078AD69 = {
			isa = PBXGroup;
			children = (
				3DAC901E2BC00B4A0078AD69 /* Wired Buddy */,
				3DAC901D2BC00B4A0078AD69 /* Products */,
			);
			sourceTree = "<group>";
		};
		3DAC901D2BC00B4A0078AD69 /* Products */ = {
			isa = PBXGroup;
			children = (
				3DAC901C2BC00B4A0078AD69 /* Wired Buddy.app */,
			);
			name = Products;
			sourceTree = "<group>";
		};
		3DAC901E2BC00B4A0078AD69 /* Wired Buddy */ = {
			isa = PBXGroup;
			children = (
				3DF06D612BC5D78300550FF5 /* Network */,
				3D4624C12BC0BA8D0047F0F4 /* Buddies */,
				3D4624BC2BC0B8530047F0F4 /* Locales */,
				3D4624B92BC0B4FA0047F0F4 /* Views */,
				3DAC901F2BC00B4A0078AD69 /* WiredBuddyApp.swift */,
				3DAC90232BC00B4A0078AD69 /* Assets.xcassets */,
				3DAC90282BC00B4A0078AD69 /* Wired_Buddy.entitlements */,
				3DAC90252BC00B4A0078AD69 /* Preview Content */,
			);
			path = "Wired Buddy";
			sourceTree = "<group>";
		};
		3DAC90252BC00B4A0078AD69 /* Preview Content */ = {
			isa = PBXGroup;
			children = (
				3DAC90262BC00B4A0078AD69 /* Preview Assets.xcassets */,
			);
			path = "Preview Content";
			sourceTree = "<group>";
		};
		3DF06D612BC5D78300550FF5 /* Network */ = {
			isa = PBXGroup;
			children = (
				3DF06D622BC5D79100550FF5 /* NetMon.swift */,
			);
			path = Network;
			sourceTree = "<group>";
		};
/* End PBXGroup section */

/* Begin PBXNativeTarget section */
		3DAC901B2BC00B4A0078AD69 /* Wired Buddy */ = {
			isa = PBXNativeTarget;
			buildConfigurationList = 3DAC902B2BC00B4A0078AD69 /* Build configuration list for PBXNativeTarget "Wired Buddy" */;
			buildPhases = (
				3DAC90182BC00B4A0078AD69 /* Sources */,
				3DAC90192BC00B4A0078AD69 /* Frameworks */,
				3DAC901A2BC00B4A0078AD69 /* Resources */,
			);
			buildRules = (
			);
			dependencies = (
			);
			name = "Wired Buddy";
			packageProductDependencies = (
				3D624F862BC68E8B003628D0 /* MacControlCenterUI */,
				3D624F892BC69115003628D0 /* SettingsAccess */,
			);
			productName = "Wired Buddy";
			productReference = 3DAC901C2BC00B4A0078AD69 /* Wired Buddy.app */;
			productType = "com.apple.product-type.application";
		};
/* End PBXNativeTarget section */

/* Begin PBXProject section */
		3DAC90142BC00B4A0078AD69 /* Project object */ = {
			isa = PBXProject;
			attributes = {
				BuildIndependentTargetsInParallel = 1;
				LastSwiftUpdateCheck = 1530;
				LastUpgradeCheck = 1530;
				TargetAttributes = {
					3DAC901B2BC00B4A0078AD69 = {
						CreatedOnToolsVersion = 15.3;
					};
				};
			};
			buildConfigurationList = 3DAC90172BC00B4A0078AD69 /* Build configuration list for PBXProject "Wired Buddy" */;
			compatibilityVersion = "Xcode 14.0";
			developmentRegion = en;
			hasScannedForEncodings = 0;
			knownRegions = (
				en,
				Base,
				de,
			);
			mainGroup = 3DAC90132BC00B4A0078AD69;
			packageReferences = (
				3D624F852BC68E8B003628D0 /* XCRemoteSwiftPackageReference "MacControlCenterUI" */,
				3D624F882BC69115003628D0 /* XCRemoteSwiftPackageReference "SettingsAccess" */,
			);
			productRefGroup = 3DAC901D2BC00B4A0078AD69 /* Products */;
			projectDirPath = "";
			projectRoot = "";
			targets = (
				3DAC901B2BC00B4A0078AD69 /* Wired Buddy */,
			);
		};
/* End PBXProject section */

/* Begin PBXResourcesBuildPhase section */
		3DAC901A2BC00B4A0078AD69 /* Resources */ = {
			isa = PBXResourcesBuildPhase;
			buildActionMask = 2147483647;
			files = (
				3DAC90272BC00B4A0078AD69 /* Preview Assets.xcassets in Resources */,
				3D4624BF2BC0B8610047F0F4 /* Localizable.strings in Resources */,
				3DAC90242BC00B4A0078AD69 /* Assets.xcassets in Resources */,
			);
			runOnlyForDeploymentPostprocessing = 0;
		};
/* End PBXResourcesBuildPhase section */

/* Begin PBXSourcesBuildPhase section */
		3DAC90182BC00B4A0078AD69 /* Sources */ = {
			isa = PBXSourcesBuildPhase;
			buildActionMask = 2147483647;
			files = (
				3D4624BB2BC0B5080047F0F4 /* SettingsView.swift in Sources */,
				3DAC90222BC00B4A0078AD69 /* ContentView.swift in Sources */,
				3D4624C32BC0BA970047F0F4 /* Buddy.swift in Sources */,
				3DE79B3F2BC49D420076C55A /* GeneralView.swift in Sources */,
				3DF06D632BC5D79100550FF5 /* NetMon.swift in Sources */,
				3DAC90202BC00B4A0078AD69 /* WiredBuddyApp.swift in Sources */,
			);
			runOnlyForDeploymentPostprocessing = 0;
		};
/* End PBXSourcesBuildPhase section */

/* Begin PBXVariantGroup section */
		3D4624BD2BC0B8610047F0F4 /* Localizable.strings */ = {
			isa = PBXVariantGroup;
			children = (
				3D4624BE2BC0B8610047F0F4 /* en */,
				3D4624C02BC0B8710047F0F4 /* de */,
			);
			name = Localizable.strings;
			sourceTree = "<group>";
		};
/* End PBXVariantGroup section */

/* Begin XCBuildConfiguration section */
		3DAC90292BC00B4A0078AD69 /* Debug */ = {
			isa = XCBuildConfiguration;
			buildSettings = {
				ALWAYS_SEARCH_USER_PATHS = NO;
				ASSETCATALOG_COMPILER_GENERATE_SWIFT_ASSET_SYMBOL_EXTENSIONS = YES;
				CLANG_ANALYZER_LOCALIZABILITY_NONLOCALIZED = YES;
				CLANG_ANALYZER_NONNULL = YES;
				CLANG_ANALYZER_NUMBER_OBJECT_CONVERSION = YES_AGGRESSIVE;
				CLANG_CXX_LANGUAGE_STANDARD = "gnu++20";
				CLANG_ENABLE_MODULES = YES;
				CLANG_ENABLE_OBJC_ARC = YES;
				CLANG_ENABLE_OBJC_WEAK = YES;
				CLANG_WARN_BLOCK_CAPTURE_AUTORELEASING = YES;
				CLANG_WARN_BOOL_CONVERSION = YES;
				CLANG_WARN_COMMA = YES;
				CLANG_WARN_CONSTANT_CONVERSION = YES;
				CLANG_WARN_DEPRECATED_OBJC_IMPLEMENTATIONS = YES;
				CLANG_WARN_DIRECT_OBJC_ISA_USAGE = YES_ERROR;
				CLANG_WARN_DOCUMENTATION_COMMENTS = YES;
				CLANG_WARN_EMPTY_BODY = YES;
				CLANG_WARN_ENUM_CONVERSION = YES;
				CLANG_WARN_INFINITE_RECURSION = YES;
				CLANG_WARN_INT_CONVERSION = YES;
				CLANG_WARN_NON_LITERAL_NULL_CONVERSION = YES;
				CLANG_WARN_OBJC_IMPLICIT_RETAIN_SELF = YES;
				CLANG_WARN_OBJC_LITERAL_CONVERSION = YES;
				CLANG_WARN_OBJC_ROOT_CLASS = YES_ERROR;
				CLANG_WARN_QUOTED_INCLUDE_IN_FRAMEWORK_HEADER = YES;
				CLANG_WARN_RANGE_LOOP_ANALYSIS = YES;
				CLANG_WARN_STRICT_PROTOTYPES = YES;
				CLANG_WARN_SUSPICIOUS_MOVE = YES;
				CLANG_WARN_UNGUARDED_AVAILABILITY = YES_AGGRESSIVE;
				CLANG_WARN_UNREACHABLE_CODE = YES;
				CLANG_WARN__DUPLICATE_METHOD_MATCH = YES;
				COPY_PHASE_STRIP = NO;
				DEBUG_INFORMATION_FORMAT = dwarf;
				ENABLE_STRICT_OBJC_MSGSEND = YES;
				ENABLE_TESTABILITY = YES;
				ENABLE_USER_SCRIPT_SANDBOXING = YES;
				GCC_C_LANGUAGE_STANDARD = gnu17;
				GCC_DYNAMIC_NO_PIC = NO;
				GCC_NO_COMMON_BLOCKS = YES;
				GCC_OPTIMIZATION_LEVEL = 0;
				GCC_PREPROCESSOR_DEFINITIONS = (
					"DEBUG=1",
					"$(inherited)",
				);
				GCC_WARN_64_TO_32_BIT_CONVERSION = YES;
				GCC_WARN_ABOUT_RETURN_TYPE = YES_ERROR;
				GCC_WARN_UNDECLARED_SELECTOR = YES;
				GCC_WARN_UNINITIALIZED_AUTOS = YES_AGGRESSIVE;
				GCC_WARN_UNUSED_FUNCTION = YES;
				GCC_WARN_UNUSED_VARIABLE = YES;
				LOCALIZATION_PREFERS_STRING_CATALOGS = YES;
				MACOSX_DEPLOYMENT_TARGET = 13.0;
				MTL_ENABLE_DEBUG_INFO = INCLUDE_SOURCE;
				MTL_FAST_MATH = YES;
				ONLY_ACTIVE_ARCH = YES;
				SDKROOT = macosx;
				SWIFT_ACTIVE_COMPILATION_CONDITIONS = "DEBUG $(inherited)";
				SWIFT_OPTIMIZATION_LEVEL = "-Onone";
			};
			name = Debug;
		};
		3DAC902A2BC00B4A0078AD69 /* Release */ = {
			isa = XCBuildConfiguration;
			buildSettings = {
				ALWAYS_SEARCH_USER_PATHS = NO;
				ASSETCATALOG_COMPILER_GENERATE_SWIFT_ASSET_SYMBOL_EXTENSIONS = YES;
				CLANG_ANALYZER_LOCALIZABILITY_NONLOCALIZED = YES;
				CLANG_ANALYZER_NONNULL = YES;
				CLANG_ANALYZER_NUMBER_OBJECT_CONVERSION = YES_AGGRESSIVE;
				CLANG_CXX_LANGUAGE_STANDARD = "gnu++20";
				CLANG_ENABLE_MODULES = YES;
				CLANG_ENABLE_OBJC_ARC = YES;
				CLANG_ENABLE_OBJC_WEAK = YES;
				CLANG_WARN_BLOCK_CAPTURE_AUTORELEASING = YES;
				CLANG_WARN_BOOL_CONVERSION = YES;
				CLANG_WARN_COMMA = YES;
				CLANG_WARN_CONSTANT_CONVERSION = YES;
				CLANG_WARN_DEPRECATED_OBJC_IMPLEMENTATIONS = YES;
				CLANG_WARN_DIRECT_OBJC_ISA_USAGE = YES_ERROR;
				CLANG_WARN_DOCUMENTATION_COMMENTS = YES;
				CLANG_WARN_EMPTY_BODY = YES;
				CLANG_WARN_ENUM_CONVERSION = YES;
				CLANG_WARN_INFINITE_RECURSION = YES;
				CLANG_WARN_INT_CONVERSION = YES;
				CLANG_WARN_NON_LITERAL_NULL_CONVERSION = YES;
				CLANG_WARN_OBJC_IMPLICIT_RETAIN_SELF = YES;
				CLANG_WARN_OBJC_LITERAL_CONVERSION = YES;
				CLANG_WARN_OBJC_ROOT_CLASS = YES_ERROR;
				CLANG_WARN_QUOTED_INCLUDE_IN_FRAMEWORK_HEADER = YES;
				CLANG_WARN_RANGE_LOOP_ANALYSIS = YES;
				CLANG_WARN_STRICT_PROTOTYPES = YES;
				CLANG_WARN_SUSPICIOUS_MOVE = YES;
				CLANG_WARN_UNGUARDED_AVAILABILITY = YES_AGGRESSIVE;
				CLANG_WARN_UNREACHABLE_CODE = YES;
				CLANG_WARN__DUPLICATE_METHOD_MATCH = YES;
				COPY_PHASE_STRIP = NO;
				DEBUG_INFORMATION_FORMAT = "dwarf-with-dsym";
				ENABLE_NS_ASSERTIONS = NO;
				ENABLE_STRICT_OBJC_MSGSEND = YES;
				ENABLE_USER_SCRIPT_SANDBOXING = YES;
				GCC_C_LANGUAGE_STANDARD = gnu17;
				GCC_NO_COMMON_BLOCKS = YES;
				GCC_WARN_64_TO_32_BIT_CONVERSION = YES;
				GCC_WARN_ABOUT_RETURN_TYPE = YES_ERROR;
				GCC_WARN_UNDECLARED_SELECTOR = YES;
				GCC_WARN_UNINITIALIZED_AUTOS = YES_AGGRESSIVE;
				GCC_WARN_UNUSED_FUNCTION = YES;
				GCC_WARN_UNUSED_VARIABLE = YES;
				LOCALIZATION_PREFERS_STRING_CATALOGS = YES;
				MACOSX_DEPLOYMENT_TARGET = 13.0;
				MTL_ENABLE_DEBUG_INFO = NO;
				MTL_FAST_MATH = YES;
				SDKROOT = macosx;
				SWIFT_COMPILATION_MODE = wholemodule;
			};
			name = Release;
		};
		3DAC902C2BC00B4A0078AD69 /* Debug */ = {
			isa = XCBuildConfiguration;
			buildSettings = {
				ASSETCATALOG_COMPILER_APPICON_NAME = AppIcon;
				ASSETCATALOG_COMPILER_GLOBAL_ACCENT_COLOR_NAME = AccentColor;
				CODE_SIGN_ENTITLEMENTS = "Wired Buddy/Wired_Buddy.entitlements";
				"CODE_SIGN_IDENTITY[sdk=macosx*]" = "-";
				CODE_SIGN_STYLE = Automatic;
				COMBINE_HIDPI_IMAGES = YES;
				CURRENT_PROJECT_VERSION = 1;
				DEVELOPMENT_ASSET_PATHS = "\"Wired Buddy/Preview Content\"";
				DEVELOPMENT_TEAM = "";
				ENABLE_HARDENED_RUNTIME = YES;
				ENABLE_PREVIEWS = YES;
				GENERATE_INFOPLIST_FILE = YES;
				INFOPLIST_KEY_CFBundleDisplayName = "Wired Buddy";
				INFOPLIST_KEY_LSApplicationCategoryType = "public.app-category.utilities";
				INFOPLIST_KEY_NSHumanReadableCopyright = "";
				LD_RUNPATH_SEARCH_PATHS = (
					"$(inherited)",
					"@executable_path/../Frameworks",
				);
				MACOSX_DEPLOYMENT_TARGET = 13.0;
				MARKETING_VERSION = 0.1;
				PRODUCT_BUNDLE_IDENTIFIER = de.jkowalewicz.WiredBuddy;
				PRODUCT_NAME = "$(TARGET_NAME)";
				SWIFT_EMIT_LOC_STRINGS = YES;
				SWIFT_VERSION = 5.0;
			};
			name = Debug;
		};
		3DAC902D2BC00B4A0078AD69 /* Release */ = {
			isa = XCBuildConfiguration;
			buildSettings = {
				ASSETCATALOG_COMPILER_APPICON_NAME = AppIcon;
				ASSETCATALOG_COMPILER_GLOBAL_ACCENT_COLOR_NAME = AccentColor;
				CODE_SIGN_ENTITLEMENTS = "Wired Buddy/Wired_Buddy.entitlements";
				"CODE_SIGN_IDENTITY[sdk=macosx*]" = "-";
				CODE_SIGN_STYLE = Automatic;
				COMBINE_HIDPI_IMAGES = YES;
				CURRENT_PROJECT_VERSION = 1;
				DEVELOPMENT_ASSET_PATHS = "\"Wired Buddy/Preview Content\"";
				DEVELOPMENT_TEAM = "";
				ENABLE_HARDENED_RUNTIME = YES;
				ENABLE_PREVIEWS = YES;
				GENERATE_INFOPLIST_FILE = YES;
				INFOPLIST_KEY_CFBundleDisplayName = "Wired Buddy";
				INFOPLIST_KEY_LSApplicationCategoryType = "public.app-category.utilities";
				INFOPLIST_KEY_NSHumanReadableCopyright = "";
				LD_RUNPATH_SEARCH_PATHS = (
					"$(inherited)",
					"@executable_path/../Frameworks",
				);
				MACOSX_DEPLOYMENT_TARGET = 13.0;
				MARKETING_VERSION = 0.1;
				PRODUCT_BUNDLE_IDENTIFIER = de.jkowalewicz.WiredBuddy;
				PRODUCT_NAME = "$(TARGET_NAME)";
				SWIFT_EMIT_LOC_STRINGS = YES;
				SWIFT_VERSION = 5.0;
			};
			name = Release;
		};
/* End XCBuildConfiguration section */

/* Begin XCConfigurationList section */
		3DAC90172BC00B4A0078AD69 /* Build configuration list for PBXProject "Wired Buddy" */ = {
			isa = XCConfigurationList;
			buildConfigurations = (
				3DAC90292BC00B4A0078AD69 /* Debug */,
				3DAC902A2BC00B4A0078AD69 /* Release */,
			);
			defaultConfigurationIsVisible = 0;
			defaultConfigurationName = Release;
		};
		3DAC902B2BC00B4A0078AD69 /* Build configuration list for PBXNativeTarget "Wired Buddy" */ = {
			isa = XCConfigurationList;
			buildConfigurations = (
				3DAC902C2BC00B4A0078AD69 /* Debug */,
				3DAC902D2BC00B4A0078AD69 /* Release */,
			);
			defaultConfigurationIsVisible = 0;
			defaultConfigurationName = Release;
		};
/* End XCConfigurationList section */

/* Begin XCRemoteSwiftPackageReference section */
		3D624F852BC68E8B003628D0 /* XCRemoteSwiftPackageReference "MacControlCenterUI" */ = {
			isa = XCRemoteSwiftPackageReference;
			repositoryURL = "https://github.com/yeahitsjan/MacControlCenterUI";
			requirement = {
				branch = main;
				kind = branch;
			};
		};
		3D624F882BC69115003628D0 /* XCRemoteSwiftPackageReference "SettingsAccess" */ = {
			isa = XCRemoteSwiftPackageReference;
			repositoryURL = "https://github.com/orchetect/SettingsAccess";
			requirement = {
				kind = exactVersion;
				version = 1.4.0;
			};
		};
/* End XCRemoteSwiftPackageReference section */

/* Begin XCSwiftPackageProductDependency section */
		3D624F862BC68E8B003628D0 /* MacControlCenterUI */ = {
			isa = XCSwiftPackageProductDependency;
			package = 3D624F852BC68E8B003628D0 /* XCRemoteSwiftPackageReference "MacControlCenterUI" */;
			productName = MacControlCenterUI;
		};
		3D624F892BC69115003628D0 /* SettingsAccess */ = {
			isa = XCSwiftPackageProductDependency;
			package = 3D624F882BC69115003628D0 /* XCRemoteSwiftPackageReference "SettingsAccess" */;
			productName = SettingsAccess;
		};
/* End XCSwiftPackageProductDependency section */
	};
	rootObject = 3DAC90142BC00B4A0078AD69 /* Project object */;
}
